
Microsoft Visual Studio Solution File, Format Version 12.00
# Visual Studio Version 16
VisualStudioVersion = 16.0.30225.117
MinimumVisualStudioVersion = 10.0.40219.1
Project("{FAE04EC0-301F-11D3-BF4B-00C04F79EFBC}") = "Views", "Views.csproj", "{34A33BC3-CA48-424B-94EA-345F2C570256}"
EndProject
Global
	GlobalSection(SolutionConfigurationPlatforms) = preSolution
		Debug|Any CPU = Debug|Any CPU
		Release|Any CPU = Release|Any CPU
	EndGlobalSection
	GlobalSection(ProjectConfigurationPlatforms) = postSolution
		{34A33BC3-CA48-424B-94EA-345F2C570256}.Debug|Any CPU.ActiveCfg = Debug|Any CPU
		{34A33BC3-CA48-424B-94EA-345F2C570256}.Debug|Any CPU.Build.0 = Debug|Any CPU
		{34A33BC3-CA48-424B-94EA-345F2C570256}.Release|Any CPU.ActiveCfg = Release|Any CPU
		{34A33BC3-CA48-424B-94EA-345F2C570256}.Release|Any CPU.Build.0 = Release|Any CPU
	EndGlobalSection
	GlobalSection(SolutionProperties) = preSolution
		HideSolutionNode = FALSE
	EndGlobalSection
	GlobalSection(ExtensibilityGlobals) = postSolution
		SolutionGuid = {BCE7A30C-97AF-44E3-9828-70F03FA7DF1B}
	EndGlobalSection
EndGlobal
